// !$*UTF8*$!
{
	archiveVersion = 1;
	classes = {
	};
	objectVersion = 46;
	objects = {

/* Begin PBXBuildFile section */
		DEB1A2629730CDB2A3918ECF /* Pods_Flicks.framework in Frameworks */ = {isa = PBXBuildFile; fileRef = 2D3013D605CA387D509C526D /* Pods_Flicks.framework */; };
		F32490651DC98550003F810C /* AppDelegate.swift in Sources */ = {isa = PBXBuildFile; fileRef = F32490641DC98550003F810C /* AppDelegate.swift */; };
		F324906A1DC98550003F810C /* Main.storyboard in Resources */ = {isa = PBXBuildFile; fileRef = F32490681DC98550003F810C /* Main.storyboard */; };
		F324906C1DC98550003F810C /* Assets.xcassets in Resources */ = {isa = PBXBuildFile; fileRef = F324906B1DC98550003F810C /* Assets.xcassets */; };
		F324906F1DC98550003F810C /* LaunchScreen.storyboard in Resources */ = {isa = PBXBuildFile; fileRef = F324906D1DC98550003F810C /* LaunchScreen.storyboard */; };
		F32490771DC985E5003F810C /* MoviesViewController.swift in Sources */ = {isa = PBXBuildFile; fileRef = F32490761DC985E5003F810C /* MoviesViewController.swift */; };
		F324907A1DC99002003F810C /* MovieCell.swift in Sources */ = {isa = PBXBuildFile; fileRef = F32490791DC99002003F810C /* MovieCell.swift */; };
		F3CE1E971DC9B21800F0317A /* MovieDetailViewController.swift in Sources */ = {isa = PBXBuildFile; fileRef = F3CE1E961DC9B21800F0317A /* MovieDetailViewController.swift */; };
/* End PBXBuildFile section */

/* Begin PBXFileReference section */
		19FB6C94EC7852A4D0F958BD /* Pods-Flicks.release.xcconfig */ = {isa = PBXFileReference; includeInIndex = 1; lastKnownFileType = text.xcconfig; name = "Pods-Flicks.release.xcconfig"; path = "Pods/Target Support Files/Pods-Flicks/Pods-Flicks.release.xcconfig"; sourceTree = "<group>"; };
		2D3013D605CA387D509C526D /* Pods_Flicks.framework */ = {isa = PBXFileReference; explicitFileType = wrapper.framework; includeInIndex = 0; path = Pods_Flicks.framework; sourceTree = BUILT_PRODUCTS_DIR; };
		793AE48EECA8AD25A3225CC3 /* Pods-Flicks.debug.xcconfig */ = {isa = PBXFileReference; includeInIndex = 1; lastKnownFileType = text.xcconfig; name = "Pods-Flicks.debug.xcconfig"; path = "Pods/Target Support Files/Pods-Flicks/Pods-Flicks.debug.xcconfig"; sourceTree = "<group>"; };
		F32490611DC98550003F810C /* Flicks.app */ = {isa = PBXFileReference; explicitFileType = wrapper.application; includeInIndex = 0; path = Flicks.app; sourceTree = BUILT_PRODUCTS_DIR; };
		F32490641DC98550003F810C /* AppDelegate.swift */ = {isa = PBXFileReference; lastKnownFileType = sourcecode.swift; path = AppDelegate.swift; sourceTree = "<group>"; };
		F32490691DC98550003F810C /* Base */ = {isa = PBXFileReference; lastKnownFileType = file.storyboard; name = Base; path = Base.lproj/Main.storyboard; sourceTree = "<group>"; };
		F324906B1DC98550003F810C /* Assets.xcassets */ = {isa = PBXFileReference; lastKnownFileType = folder.assetcatalog; path = Assets.xcassets; sourceTree = "<group>"; };
		F324906E1DC98550003F810C /* Base */ = {isa = PBXFileReference; lastKnownFileType = file.storyboard; name = Base; path = Base.lproj/LaunchScreen.storyboard; sourceTree = "<group>"; };
		F32490701DC98550003F810C /* Info.plist */ = {isa = PBXFileReference; lastKnownFileType = text.plist.xml; path = Info.plist; sourceTree = "<group>"; };
		F32490761DC985E5003F810C /* MoviesViewController.swift */ = {isa = PBXFileReference; fileEncoding = 4; lastKnownFileType = sourcecode.swift; name = MoviesViewController.swift; path = ../MoviesViewController.swift; sourceTree = "<group>"; };
		F32490791DC99002003F810C /* MovieCell.swift */ = {isa = PBXFileReference; fileEncoding = 4; lastKnownFileType = sourcecode.swift; path = MovieCell.swift; sourceTree = "<group>"; };
		F3CE1E961DC9B21800F0317A /* MovieDetailViewController.swift */ = {isa = PBXFileReference; fileEncoding = 4; lastKnownFileType = sourcecode.swift; path = MovieDetailViewController.swift; sourceTree = "<group>"; };
/* End PBXFileReference section */

/* Begin PBXFrameworksBuildPhase section */
		F324905E1DC98550003F810C /* Frameworks */ = {
			isa = PBXFrameworksBuildPhase;
			buildActionMask = 2147483647;
			files = (
				DEB1A2629730CDB2A3918ECF /* Pods_Flicks.framework in Frameworks */,
			);
			runOnlyForDeploymentPostprocessing = 0;
		};
/* End PBXFrameworksBuildPhase section */

/* Begin PBXGroup section */
		33A61B09BA2A4479FCC9E995 /* Frameworks */ = {
			isa = PBXGroup;
			children = (
				2D3013D605CA387D509C526D /* Pods_Flicks.framework */,
			);
			name = Frameworks;
			sourceTree = "<group>";
		};
		974CA79AB62BE484CC968299 /* Pods */ = {
			isa = PBXGroup;
			children = (
				793AE48EECA8AD25A3225CC3 /* Pods-Flicks.debug.xcconfig */,
				19FB6C94EC7852A4D0F958BD /* Pods-Flicks.release.xcconfig */,
			);
			name = Pods;
			sourceTree = "<group>";
		};
		F32490581DC98550003F810C = {
			isa = PBXGroup;
			children = (
				F32490631DC98550003F810C /* Flicks */,
				F32490621DC98550003F810C /* Products */,
				974CA79AB62BE484CC968299 /* Pods */,
				33A61B09BA2A4479FCC9E995 /* Frameworks */,
			);
			sourceTree = "<group>";
		};
		F32490621DC98550003F810C /* Products */ = {
			isa = PBXGroup;
			children = (
				F32490611DC98550003F810C /* Flicks.app */,
			);
			name = Products;
			sourceTree = "<group>";
		};
		F32490631DC98550003F810C /* Flicks */ = {
			isa = PBXGroup;
			children = (
				F324907B1DC990A6003F810C /* ViewControllers */,
				F32490781DC98FDC003F810C /* Views */,
				F32490641DC98550003F810C /* AppDelegate.swift */,
				F32490681DC98550003F810C /* Main.storyboard */,
				F324906B1DC98550003F810C /* Assets.xcassets */,
				F324906D1DC98550003F810C /* LaunchScreen.storyboard */,
				F32490701DC98550003F810C /* Info.plist */,
			);
			path = Flicks;
			sourceTree = "<group>";
		};
		F32490781DC98FDC003F810C /* Views */ = {
			isa = PBXGroup;
			children = (
				F32490791DC99002003F810C /* MovieCell.swift */,
			);
			name = Views;
			sourceTree = "<group>";
		};
		F324907B1DC990A6003F810C /* ViewControllers */ = {
			isa = PBXGroup;
			children = (
				F32490761DC985E5003F810C /* MoviesViewController.swift */,
				F3CE1E961DC9B21800F0317A /* MovieDetailViewController.swift */,
			);
			name = ViewControllers;
			sourceTree = "<group>";
		};
/* End PBXGroup section */

/* Begin PBXNativeTarget section */
		F32490601DC98550003F810C /* Flicks */ = {
			isa = PBXNativeTarget;
			buildConfigurationList = F32490731DC98550003F810C /* Build configuration list for PBXNativeTarget "Flicks" */;
			buildPhases = (
				8FF5962D048F8403C723549B /* [CP] Check Pods Manifest.lock */,
				F324905D1DC98550003F810C /* Sources */,
				F324905E1DC98550003F810C /* Frameworks */,
				F324905F1DC98550003F810C /* Resources */,
				84B07246F3082B9DF0BDC41A /* [CP] Embed Pods Frameworks */,
				DB6D72F396384FEBF4A2861A /* [CP] Copy Pods Resources */,
			);
			buildRules = (
			);
			dependencies = (
			);
			name = Flicks;
			productName = Flicks;
			productReference = F32490611DC98550003F810C /* Flicks.app */;
			productType = "com.apple.product-type.application";
		};
/* End PBXNativeTarget section */

/* Begin PBXProject section */
		F32490591DC98550003F810C /* Project object */ = {
			isa = PBXProject;
			attributes = {
				LastSwiftUpdateCheck = 0800;
				LastUpgradeCheck = 0800;
				ORGANIZATIONNAME = "Daniel Liu";
				TargetAttributes = {
					F32490601DC98550003F810C = {
						CreatedOnToolsVersion = 8.0;
						ProvisioningStyle = Automatic;
					};
				};
			};
			buildConfigurationList = F324905C1DC98550003F810C /* Build configuration list for PBXProject "Flicks" */;
			compatibilityVersion = "Xcode 3.2";
			developmentRegion = English;
			hasScannedForEncodings = 0;
			knownRegions = (
				en,
				Base,
			);
			mainGroup = F32490581DC98550003F810C;
			productRefGroup = F32490621DC98550003F810C /* Products */;
			projectDirPath = "";
			projectRoot = "";
			targets = (
				F32490601DC98550003F810C /* Flicks */,
			);
		};
/* End PBXProject section */

/* Begin PBXResourcesBuildPhase section */
		F324905F1DC98550003F810C /* Resources */ = {
			isa = PBXResourcesBuildPhase;
			buildActionMask = 2147483647;
			files = (
				F324906F1DC98550003F810C /* LaunchScreen.storyboard in Resources */,
				F324906C1DC98550003F810C /* Assets.xcassets in Resources */,
				F324906A1DC98550003F810C /* Main.storyboard in Resources */,
			);
			runOnlyForDeploymentPostprocessing = 0;
		};
/* End PBXResourcesBuildPhase section */

/* Begin PBXShellScriptBuildPhase section */
		84B07246F3082B9DF0BDC41A /* [CP] Embed Pods Frameworks */ = {
			isa = PBXShellScriptBuildPhase;
			buildActionMask = 2147483647;
			files = (
			);
			inputPaths = (
			);
			name = "[CP] Embed Pods Frameworks";
			outputPaths = (
			);
			runOnlyForDeploymentPostprocessing = 0;
			shellPath = /bin/sh;
			shellScript = "\"${SRCROOT}/Pods/Target Support Files/Pods-Flicks/Pods-Flicks-frameworks.sh\"\n";
			showEnvVarsInLog = 0;
		};
		8FF5962D048F8403C723549B /* [CP] Check Pods Manifest.lock */ = {
			isa = PBXShellScriptBuildPhase;
			buildActionMask = 2147483647;
			files = (
			);
			inputPaths = (
			);
			name = "[CP] Check Pods Manifest.lock";
			outputPaths = (
			);
			runOnlyForDeploymentPostprocessing = 0;
			shellPath = /bin/sh;
			shellScript = "diff \"${PODS_ROOT}/../Podfile.lock\" \"${PODS_ROOT}/Manifest.lock\" > /dev/null\nif [ $? != 0 ] ; then\n    # print error to STDERR\n    echo \"error: The sandbox is not in sync with the Podfile.lock. Run 'pod install' or update your CocoaPods installation.\" >&2\n    exit 1\nfi\n";
			showEnvVarsInLog = 0;
		};
		DB6D72F396384FEBF4A2861A /* [CP] Copy Pods Resources */ = {
			isa = PBXShellScriptBuildPhase;
			buildActionMask = 2147483647;
			files = (
			);
			inputPaths = (
			);
			name = "[CP] Copy Pods Resources";
			outputPaths = (
			);
			runOnlyForDeploymentPostprocessing = 0;
			shellPath = /bin/sh;
			shellScript = "\"${SRCROOT}/Pods/Target Support Files/Pods-Flicks/Pods-Flicks-resources.sh\"\n";
			showEnvVarsInLog = 0;
		};
/* End PBXShellScriptBuildPhase section */

/* Begin PBXSourcesBuildPhase section */
		F324905D1DC98550003F810C /* Sources */ = {
			isa = PBXSourcesBuildPhase;
			buildActionMask = 2147483647;
			files = (
				F3CE1E971DC9B21800F0317A /* MovieDetailViewController.swift in Sources */,
				F32490651DC98550003F810C /* AppDelegate.swift in Sources */,
				F32490771DC985E5003F810C /* MoviesViewController.swift in Sources */,
				F324907A1DC99002003F810C /* MovieCell.swift in Sources */,
			);
			runOnlyForDeploymentPostprocessing = 0;
		};
/* End PBXSourcesBuildPhase section */

/* Begin PBXVariantGroup section */
		F32490681DC98550003F810C /* Main.storyboard */ = {
			isa = PBXVariantGroup;
			children = (
				F32490691DC98550003F810C /* Base */,
			);
			name = Main.storyboard;
			sourceTree = "<group>";
		};
		F324906D1DC98550003F810C /* LaunchScreen.storyboard */ = {
			isa = PBXVariantGroup;
			children = (
				F324906E1DC98550003F810C /* Base */,
			);
			name = LaunchScreen.storyboard;
			sourceTree = "<group>";
		};
/* End PBXVariantGroup section */

/* Begin XCBuildConfiguration section */
		F32490711DC98550003F810C /* Debug */ = {
			isa = XCBuildConfiguration;
			buildSettings = {
				ALWAYS_SEARCH_USER_PATHS = NO;
				CLANG_ANALYZER_NONNULL = YES;
				CLANG_CXX_LANGUAGE_STANDARD = "gnu++0x";
				CLANG_CXX_LIBRARY = "libc++";
				CLANG_ENABLE_MODULES = YES;
				CLANG_ENABLE_OBJC_ARC = YES;
				CLANG_WARN_BOOL_CONVERSION = YES;
				CLANG_WARN_CONSTANT_CONVERSION = YES;
				CLANG_WARN_DIRECT_OBJC_ISA_USAGE = YES_ERROR;
				CLANG_WARN_DOCUMENTATION_COMMENTS = YES;
				CLANG_WARN_EMPTY_BODY = YES;
				CLANG_WARN_ENUM_CONVERSION = YES;
				CLANG_WARN_INFINITE_RECURSION = YES;
				CLANG_WARN_INT_CONVERSION = YES;
				CLANG_WARN_OBJC_ROOT_CLASS = YES_ERROR;
				CLANG_WARN_SUSPICIOUS_MOVES = YES;
				CLANG_WARN_UNREACHABLE_CODE = YES;
				CLANG_WARN__DUPLICATE_METHOD_MATCH = YES;
				"CODE_SIGN_IDENTITY[sdk=iphoneos*]" = "iPhone Developer";
				COPY_PHASE_STRIP = NO;
				DEBUG_INFORMATION_FORMAT = dwarf;
				ENABLE_STRICT_OBJC_MSGSEND = YES;
				ENABLE_TESTABILITY = YES;
				GCC_C_LANGUAGE_STANDARD = gnu99;
				GCC_DYNAMIC_NO_PIC = NO;
				GCC_NO_COMMON_BLOCKS = YES;
				GCC_OPTIMIZATION_LEVEL = 0;
				GCC_PREPROCESSOR_DEFINITIONS = (
					"DEBUG=1",
					"$(inherited)",
				);
				GCC_WARN_64_TO_32_BIT_CONVERSION = YES;
				GCC_WARN_ABOUT_RETURN_TYPE = YES_ERROR;
				GCC_WARN_UNDECLARED_SELECTOR = YES;
				GCC_WARN_UNINITIALIZED_AUTOS = YES_AGGRESSIVE;
				GCC_WARN_UNUSED_FUNCTION = YES;
				GCC_WARN_UNUSED_VARIABLE = YES;
				IPHONEOS_DEPLOYMENT_TARGET = 10.0;
				MTL_ENABLE_DEBUG_INFO = YES;
				ONLY_ACTIVE_ARCH = YES;
				SDKROOT = iphoneos;
				SWIFT_ACTIVE_COMPILATION_CONDITIONS = DEBUG;
				SWIFT_OPTIMIZATION_LEVEL = "-Onone";
			};
			name = Debug;
		};
		F32490721DC98550003F810C /* Release */ = {
			isa = XCBuildConfiguration;
			buildSettings = {
				ALWAYS_SEARCH_USER_PATHS = NO;
				CLANG_ANALYZER_NONNULL = YES;
				CLANG_CXX_LANGUAGE_STANDARD = "gnu++0x";
				CLANG_CXX_LIBRARY = "libc++";
				CLANG_ENABLE_MODULES = YES;
				CLANG_ENABLE_OBJC_ARC = YES;
				CLANG_WARN_BOOL_CONVERSION = YES;
				CLANG_WARN_CONSTANT_CONVERSION = YES;
				CLANG_WARN_DIRECT_OBJC_ISA_USAGE = YES_ERROR;
				CLANG_WARN_DOCUMENTATION_COMMENTS = YES;
				CLANG_WARN_EMPTY_BODY = YES;
				CLANG_WARN_ENUM_CONVERSION = YES;
				CLANG_WARN_INFINITE_RECURSION = YES;
				CLANG_WARN_INT_CONVERSION = YES;
				CLANG_WARN_OBJC_ROOT_CLASS = YES_ERROR;
				CLANG_WARN_SUSPICIOUS_MOVES = YES;
				CLANG_WARN_UNREACHABLE_CODE = YES;
				CLANG_WARN__DUPLICATE_METHOD_MATCH = YES;
				"CODE_SIGN_IDENTITY[sdk=iphoneos*]" = "iPhone Developer";
				COPY_PHASE_STRIP = NO;
				DEBUG_INFORMATION_FORMAT = "dwarf-with-dsym";
				ENABLE_NS_ASSERTIONS = NO;
				ENABLE_STRICT_OBJC_MSGSEND = YES;
				GCC_C_LANGUAGE_STANDARD = gnu99;
				GCC_NO_COMMON_BLOCKS = YES;
				GCC_WARN_64_TO_32_BIT_CONVERSION = YES;
				GCC_WARN_ABOUT_RETURN_TYPE = YES_ERROR;
				GCC_WARN_UNDECLARED_SELECTOR = YES;
				GCC_WARN_UNINITIALIZED_AUTOS = YES_AGGRESSIVE;
				GCC_WARN_UNUSED_FUNCTION = YES;
				GCC_WARN_UNUSED_VARIABLE = YES;
				IPHONEOS_DEPLOYMENT_TARGET = 10.0;
				MTL_ENABLE_DEBUG_INFO = NO;
				SDKROOT = iphoneos;
				SWIFT_OPTIMIZATION_LEVEL = "-Owholemodule";
				VALIDATE_PRODUCT = YES;
			};
			name = Release;
		};
		F32490741DC98550003F810C /* Debug */ = {
			isa = XCBuildConfiguration;
			baseConfigurationReference = 793AE48EECA8AD25A3225CC3 /* Pods-Flicks.debug.xcconfig */;
			buildSettings = {
				ASSETCATALOG_COMPILER_APPICON_NAME = AppIcon;
				INFOPLIST_FILE = Flicks/Info.plist;
				LD_RUNPATH_SEARCH_PATHS = "$(inherited) @executable_path/Frameworks";
				PRODUCT_BUNDLE_IDENTIFIER = "Daniel-Liu.Flicks";
				PRODUCT_NAME = "$(TARGET_NAME)";
				SWIFT_VERSION = 3.0;
			};
			name = Debug;
		};
		F32490751DC98550003F810C /* Release */ = {
			isa = XCBuildConfiguration;
			baseConfigurationReference = 19FB6C94EC7852A4D0F958BD /* Pods-Flicks.release.xcconfig */;
			buildSettings = {
				ASSETCATALOG_COMPILER_APPICON_NAME = AppIcon;
				INFOPLIST_FILE = Flicks/Info.plist;
				LD_RUNPATH_SEARCH_PATHS = "$(inherited) @executable_path/Frameworks";
				PRODUCT_BUNDLE_IDENTIFIER = "Daniel-Liu.Flicks";
				PRODUCT_NAME = "$(TARGET_NAME)";
				SWIFT_VERSION = 3.0;
			};
			name = Release;
		};
/* End XCBuildConfiguration section */

/* Begin XCConfigurationList section */
		F324905C1DC98550003F810C /* Build configuration list for PBXProject "Flicks" */ = {
			isa = XCConfigurationList;
			buildConfigurations = (
				F32490711DC98550003F810C /* Debug */,
				F32490721DC98550003F810C /* Release */,
			);
			defaultConfigurationIsVisible = 0;
			defaultConfigurationName = Release;
		};
		F32490731DC98550003F810C /* Build configuration list for PBXNativeTarget "Flicks" */ = {
			isa = XCConfigurationList;
			buildConfigurations = (
				F32490741DC98550003F810C /* Debug */,
				F32490751DC98550003F810C /* Release */,
			);
			defaultConfigurationIsVisible = 0;
			defaultConfigurationName = Release;
		};
/* End XCConfigurationList section */
	};
	rootObject = F32490591DC98550003F810C /* Project object */;
}
